<?xml version="1.0" encoding="utf-8"?>
<Project ToolsVersion="4.0" xmlns="http://schemas.microsoft.com/developer/msbuild/2003">
  <ItemGroup>
    <Filter Include="Source Files">
      <UniqueIdentifier>{4FC737F1-C7A5-4376-A066-2A32D752A2FF}</UniqueIdentifier>
      <Extensions>cpp;c;cc;cxx;c++;cppm;ixx;def;odl;idl;hpj;bat;asm;asmx</Extensions>
    </Filter>
    <Filter Include="Header Files">
      <UniqueIdentifier>{93995380-89BD-4b04-88EB-625FBE52EBFB}</UniqueIdentifier>
      <Extensions>h;hh;hpp;hxx;h++;hm;inl;inc;ipp;xsd</Extensions>
    </Filter>
    <Filter Include="Resource Files">
      <UniqueIdentifier>{67DA6AB6-F800-4c08-8B7A-83BB121AAD01}</UniqueIdentifier>
      <Extensions>rc;ico;cur;bmp;dlg;rc2;rct;bin;rgs;gif;jpg;jpeg;jpe;resx;tiff;tif;png;wav;mfcribbon-ms</Extensions>
    </Filter>
    <Filter Include="Header Files\Handlers">
      <UniqueIdentifier>{96c60948-f75e-423a-a922-6abb96b38d6f}</UniqueIdentifier>
    </Filter>
    <Filter Include="Source Files\FileSystems">
      <UniqueIdentifier>{40ad01f0-5eff-4117-b555-c81dd2226491}</UniqueIdentifier>
    </Filter>
    <Filter Include="Header Files\FileSystems">
      <UniqueIdentifier>{ed3b4de1-45f4-4416-bbfa-a11c0add8026}</UniqueIdentifier>
    </Filter>
    <Filter Include="Source Files\Commands">
      <UniqueIdentifier>{24dc7540-efe2-43b5-aed2-cd26cd105d8b}</UniqueIdentifier>
    </Filter>
    <Filter Include="Header Files\Commands">
      <UniqueIdentifier>{43422d53-3052-4315-80ae-788f578ef519}</UniqueIdentifier>
    </Filter>
    <Filter Include="Header Files\Decompressors">
      <UniqueIdentifier>{21a3f9e0-7219-4bfc-a5a1-059c2ab7486d}</UniqueIdentifier>
    </Filter>
    <Filter Include="Source Files\Decompressors">
      <UniqueIdentifier>{947dc5ee-3cc9-4a45-b2e0-5fe48aa29fb6}</UniqueIdentifier>
    </Filter>
    <Filter Include="Source Files\Handlers">
      <UniqueIdentifier>{c8a286cc-2ebf-48bf-90a5-611a0f711350}</UniqueIdentifier>
    </Filter>
    <Filter Include="Header Files\Misc">
      <UniqueIdentifier>{3a3d6747-4118-4c82-a2a5-41d09e7b21ec}</UniqueIdentifier>
    </Filter>
  </ItemGroup>
  <ItemGroup>
    <ClInclude Include="pch.h">
      <Filter>Header Files</Filter>
    </ClInclude>
    <ClInclude Include="GameHandler.h">
      <Filter>Header Files</Filter>
    </ClInclude>
    <ClInclude Include="Parasyte.h">
      <Filter>Header Files</Filter>
    </ClInclude>
    <ClInclude Include="Helper.h">
      <Filter>Header Files</Filter>
    </ClInclude>
    <ClInclude Include="LogType.h">
      <Filter>Header Files</Filter>
    </ClInclude>
    <ClInclude Include="Printer.h">
      <Filter>Header Files</Filter>
    </ClInclude>
    <ClInclude Include="GameModule.h">
      <Filter>Header Files</Filter>
    </ClInclude>
    <ClInclude Include="XAsset.h">
      <Filter>Header Files</Filter>
    </ClInclude>
    <ClInclude Include="XAssetPool.h">
      <Filter>Header Files</Filter>
    </ClInclude>
    <ClInclude Include="FastFile.h">
      <Filter>Header Files</Filter>
    </ClInclude>
    <ClInclude Include="Pattern.h">
      <Filter>Header Files</Filter>
    </ClInclude>
    <ClInclude Include="Memory.h">
      <Filter>Header Files</Filter>
    </ClInclude>
    <ClInclude Include="MemoryPool.h">
      <Filter>Header Files</Filter>
    </ClInclude>
    <ClInclude Include="resource.h">
      <Filter>Header Files</Filter>
    </ClInclude>
    <ClInclude Include="XAssetCache.h">
      <Filter>Header Files</Filter>
    </ClInclude>
    <ClInclude Include="XAssetAlias.h">
      <Filter>Header Files</Filter>
    </ClInclude>
    <ClInclude Include="XAssetPackageRef.h">
      <Filter>Header Files</Filter>
    </ClInclude>
    <ClInclude Include="FileSystem.h">
      <Filter>Header Files</Filter>
    </ClInclude>
    <ClInclude Include="WinFileSystem.h">
      <Filter>Header Files\FileSystems</Filter>
    </ClInclude>
    <ClInclude Include="CascFileSystem.h">
      <Filter>Header Files\FileSystems</Filter>
    </ClInclude>
    <ClInclude Include="FileHandle.h">
      <Filter>Header Files</Filter>
    </ClInclude>
    <ClInclude Include="Utility.h">
      <Filter>Header Files</Filter>
    </ClInclude>
    <ClInclude Include="ScyllaInterface.h">
      <Filter>Header Files</Filter>
    </ClInclude>
    <ClInclude Include="ProcessDumper.h">
      <Filter>Header Files</Filter>
    </ClInclude>
    <ClInclude Include="ForeignProcess.h">
      <Filter>Header Files</Filter>
    </ClInclude>
    <ClInclude Include="ProcessPriorityBump.h">
      <Filter>Header Files</Filter>
    </ClInclude>
    <ClInclude Include="Initializer.h">
      <Filter>Header Files</Filter>
    </ClInclude>
    <ClInclude Include="CommandParser.h">
      <Filter>Header Files</Filter>
    </ClInclude>
    <ClInclude Include="Command.h">
      <Filter>Header Files</Filter>
    </ClInclude>
    <ClInclude Include="Log.h">
      <Filter>Header Files</Filter>
    </ClInclude>
    <ClInclude Include="SetHandlerCommand.h">
      <Filter>Header Files\Commands</Filter>
    </ClInclude>
    <ClInclude Include="DeinitCommand.h">
      <Filter>Header Files\Commands</Filter>
    </ClInclude>
    <ClInclude Include="HelpCommand.h">
      <Filter>Header Files\Commands</Filter>
    </ClInclude>
    <ClInclude Include="ExplainCommand.h">
      <Filter>Header Files\Commands</Filter>
    </ClInclude>
    <ClInclude Include="SetFlagCommand.h">
      <Filter>Header Files\Commands</Filter>
    </ClInclude>
    <ClInclude Include="RemoveFlagCommand.h">
      <Filter>Header Files\Commands</Filter>
    </ClInclude>
    <ClInclude Include="ClearFlagsCommand.h">
      <Filter>Header Files\Commands</Filter>
    </ClInclude>
    <ClInclude Include="InitCommand.h">
      <Filter>Header Files\Commands</Filter>
    </ClInclude>
    <ClInclude Include="SetLocalePrefixCommand.h">
      <Filter>Header Files\Commands</Filter>
    </ClInclude>
    <ClInclude Include="LoadCommonFilesCommand.h">
      <Filter>Header Files\Commands</Filter>
    </ClInclude>
    <ClInclude Include="LoadCommand.h">
      <Filter>Header Files\Commands</Filter>
    </ClInclude>
    <ClInclude Include="LoadAliasCommand.h">
      <Filter>Header Files\Commands</Filter>
    </ClInclude>
    <ClInclude Include="LoadWildCardCommand.h">
      <Filter>Header Files\Commands</Filter>
    </ClInclude>
    <ClInclude Include="LoadListCommand.h">
      <Filter>Header Files\Commands</Filter>
    </ClInclude>
    <ClInclude Include="UnloadCommand.h">
      <Filter>Header Files\Commands</Filter>
    </ClInclude>
    <ClInclude Include="UnloadAllNonCommonCommand.h">
      <Filter>Header Files\Commands</Filter>
    </ClInclude>
    <ClInclude Include="UnloadAllCommand.h">
      <Filter>Header Files\Commands</Filter>
    </ClInclude>
    <ClInclude Include="UnloadAliasCommand.h">
      <Filter>Header Files\Commands</Filter>
    </ClInclude>
    <ClInclude Include="ListFilesCommand.h">
      <Filter>Header Files\Commands</Filter>
    </ClInclude>
    <ClInclude Include="ListLoadedFilesCommand.h">
      <Filter>Header Files\Commands</Filter>
    </ClInclude>
    <ClInclude Include="EnableVerbosityCommand.h">
      <Filter>Header Files\Commands</Filter>
    </ClInclude>
    <ClInclude Include="DisableVerbosityCommand.h">
      <Filter>Header Files\Commands</Filter>
    </ClInclude>
    <ClInclude Include="DumpCommand.h">
      <Filter>Header Files\Commands</Filter>
    </ClInclude>
    <ClInclude Include="DumpCommandsCommand.h">
      <Filter>Header Files\Commands</Filter>
    </ClInclude>
    <ClInclude Include="MoveDirCommand.h">
      <Filter>Header Files\Commands</Filter>
    </ClInclude>
    <ClInclude Include="Decompressor.h">
      <Filter>Header Files</Filter>
    </ClInclude>
    <ClInclude Include="OodleDecompressorV2.h">
      <Filter>Header Files\Decompressors</Filter>
    </ClInclude>
    <ClInclude Include="Oodle.h">
      <Filter>Header Files</Filter>
    </ClInclude>
    <ClInclude Include="GameConfig.h">
      <Filter>Header Files</Filter>
    </ClInclude>
    <ClInclude Include="GamePatternType.h">
      <Filter>Header Files</Filter>
    </ClInclude>
    <ClInclude Include="GamePattern.h">
      <Filter>Header Files</Filter>
    </ClInclude>
    <ClInclude Include="GamePatternFlag.h">
      <Filter>Header Files</Filter>
    </ClInclude>
    <ClInclude Include="CoDMW4Handler.h">
      <Filter>Header Files\Handlers</Filter>
    </ClInclude>
    <ClInclude Include="OodleDecompressorV1.h">
      <Filter>Header Files\Decompressors</Filter>
    </ClInclude>
    <ClInclude Include="FastFileFlags.h">
      <Filter>Header Files</Filter>
    </ClInclude>
    <ClInclude Include="BitFlags.h">
      <Filter>Header Files</Filter>
    </ClInclude>
    <ClInclude Include="CoDVGHandler.h">
      <Filter>Header Files\Handlers</Filter>
    </ClInclude>
    <ClInclude Include="Library.h">
      <Filter>Header Files</Filter>
    </ClInclude>
    <ClInclude Include="Registry.h">
      <Filter>Header Files</Filter>
    </ClInclude>
    <ClInclude Include="MemoryStream.h">
      <Filter>Header Files</Filter>
    </ClInclude>
    <ClInclude Include="Freeable.h">
      <Filter>Header Files</Filter>
    </ClInclude>
    <ClInclude Include="CoDIWHandler.h">
      <Filter>Header Files\Handlers</Filter>
    </ClInclude>
    <ClInclude Include="BinaryReader.h">
      <Filter>Header Files</Filter>
    </ClInclude>
    <ClInclude Include="SeekOrigin.h">
      <Filter>Header Files</Filter>
    </ClInclude>
    <ClInclude Include="ForeignThread.h">
      <Filter>Header Files</Filter>
    </ClInclude>
    <ClInclude Include="LZ4DecompressorV2.h">
      <Filter>Header Files\Decompressors</Filter>
    </ClInclude>
    <ClInclude Include="CoDGhostsHandler.h">
      <Filter>Header Files\Handlers</Filter>
    </ClInclude>
    <ClInclude Include="ZLIBDecompressorV1.h">
      <Filter>Header Files\Decompressors</Filter>
    </ClInclude>
    <ClInclude Include="ActivateCommand.h">
      <Filter>Header Files\Commands</Filter>
    </ClInclude>
    <ClInclude Include="CoDAWHandler.h">
      <Filter>Header Files\Handlers</Filter>
    </ClInclude>
    <ClInclude Include="CoDMW2RHandler.h">
      <Filter>Header Files\Handlers</Filter>
    </ClInclude>
    <ClInclude Include="CoDMWRHandler.h">
      <Filter>Header Files\Handlers</Filter>
    </ClInclude>
    <ClInclude Include="CoDMW6Handler.h">
      <Filter>Header Files\Handlers</Filter>
    </ClInclude>
    <ClInclude Include="CoDMW5Handler.h">
      <Filter>Header Files\Handlers</Filter>
    </ClInclude>
    <ClInclude Include="OodleDecompressorV3.h">
      <Filter>Header Files\Decompressors</Filter>
    </ClInclude>
    <ClInclude Include="DumpAliasesCommand.h">
      <Filter>Header Files\Commands</Filter>
    </ClInclude>
    <ClInclude Include="CoDOLHandler.h">
      <Filter>Header Files\Handlers</Filter>
    </ClInclude>
    <ClInclude Include="CoDOLMisc.h">
      <Filter>Header Files\Misc</Filter>
    </ClInclude>
    <ClInclude Include="CoDBO3Handler.h">
      <Filter>Header Files\Handlers</Filter>
    </ClInclude>
    <ClInclude Include="DecryptScriptCommand.h">
      <Filter>Header Files\Commands</Filter>
    </ClInclude>
  </ItemGroup>
  <ItemGroup>
    <ClCompile Include="pch.cpp">
      <Filter>Source Files</Filter>
    </ClCompile>
    <ClCompile Include="GameHandler.cpp">
      <Filter>Source Files</Filter>
    </ClCompile>
    <ClCompile Include="Parasyte.cpp">
      <Filter>Source Files</Filter>
    </ClCompile>
    <ClCompile Include="Helper.cpp">
      <Filter>Source Files</Filter>
    </ClCompile>
    <ClCompile Include="LogType.cpp">
      <Filter>Source Files</Filter>
    </ClCompile>
    <ClCompile Include="Printer.cpp">
      <Filter>Source Files</Filter>
    </ClCompile>
    <ClCompile Include="GameModule.cpp">
      <Filter>Source Files</Filter>
    </ClCompile>
    <ClCompile Include="XAsset.cpp">
      <Filter>Source Files</Filter>
    </ClCompile>
    <ClCompile Include="XAssetPool.cpp">
      <Filter>Source Files</Filter>
    </ClCompile>
    <ClCompile Include="FastFile.cpp">
      <Filter>Source Files</Filter>
    </ClCompile>
    <ClCompile Include="Pattern.cpp">
      <Filter>Source Files</Filter>
    </ClCompile>
    <ClCompile Include="Memory.cpp">
      <Filter>Source Files</Filter>
    </ClCompile>
    <ClCompile Include="MemoryPool.cpp">
      <Filter>Source Files</Filter>
    </ClCompile>
    <ClCompile Include="XAssetCache.cpp">
      <Filter>Source Files</Filter>
    </ClCompile>
    <ClCompile Include="XAssetAlias.cpp">
      <Filter>Source Files</Filter>
    </ClCompile>
    <ClCompile Include="XAssetPackageRef.cpp">
      <Filter>Source Files</Filter>
    </ClCompile>
    <ClCompile Include="FileSystem.cpp">
      <Filter>Source Files</Filter>
    </ClCompile>
    <ClCompile Include="WinFileSystem.cpp">
      <Filter>Source Files\FileSystems</Filter>
    </ClCompile>
    <ClCompile Include="CascFileSystem.cpp">
      <Filter>Source Files\FileSystems</Filter>
    </ClCompile>
    <ClCompile Include="FileHandle.cpp">
      <Filter>Source Files</Filter>
    </ClCompile>
    <ClCompile Include="Utility.cpp">
      <Filter>Source Files</Filter>
    </ClCompile>
    <ClCompile Include="ScyllaInterface.cpp">
      <Filter>Source Files</Filter>
    </ClCompile>
    <ClCompile Include="ProcessDumper.cpp">
      <Filter>Source Files</Filter>
    </ClCompile>
    <ClCompile Include="ForeignProcess.cpp">
      <Filter>Source Files</Filter>
    </ClCompile>
    <ClCompile Include="ProcessPriorityBump.cpp">
      <Filter>Source Files</Filter>
    </ClCompile>
    <ClCompile Include="Initializer.cpp">
      <Filter>Source Files</Filter>
    </ClCompile>
    <ClCompile Include="Command.cpp">
      <Filter>Source Files</Filter>
    </ClCompile>
    <ClCompile Include="CommandParser.cpp">
      <Filter>Source Files</Filter>
    </ClCompile>
    <ClCompile Include="Log.cpp">
      <Filter>Source Files</Filter>
    </ClCompile>
    <ClCompile Include="SetHandlerCommand.cpp">
      <Filter>Source Files\Commands</Filter>
    </ClCompile>
    <ClCompile Include="DeinitCommand.cpp">
      <Filter>Source Files\Commands</Filter>
    </ClCompile>
    <ClCompile Include="HelpCommand.cpp">
      <Filter>Source Files\Commands</Filter>
    </ClCompile>
    <ClCompile Include="ExplainCommand.cpp">
      <Filter>Source Files\Commands</Filter>
    </ClCompile>
    <ClCompile Include="SetFlagCommand.cpp">
      <Filter>Source Files\Commands</Filter>
    </ClCompile>
    <ClCompile Include="RemoveFlagCommand.cpp">
      <Filter>Source Files\Commands</Filter>
    </ClCompile>
    <ClCompile Include="ClearFlagsCommand.cpp">
      <Filter>Source Files\Commands</Filter>
    </ClCompile>
    <ClCompile Include="SetLocalePrefixCommand.cpp">
      <Filter>Source Files\Commands</Filter>
    </ClCompile>
    <ClCompile Include="InitCommand.cpp">
      <Filter>Source Files\Commands</Filter>
    </ClCompile>
    <ClCompile Include="LoadCommonFilesCommand.cpp">
      <Filter>Source Files\Commands</Filter>
    </ClCompile>
    <ClCompile Include="LoadCommand.cpp">
      <Filter>Source Files\Commands</Filter>
    </ClCompile>
    <ClCompile Include="LoadAliasCommand.cpp">
      <Filter>Source Files\Commands</Filter>
    </ClCompile>
    <ClCompile Include="LoadWildCardCommand.cpp">
      <Filter>Source Files\Commands</Filter>
    </ClCompile>
    <ClCompile Include="LoadListCommand.cpp">
      <Filter>Source Files\Commands</Filter>
    </ClCompile>
    <ClCompile Include="UnloadCommand.cpp">
      <Filter>Source Files\Commands</Filter>
    </ClCompile>
    <ClCompile Include="UnloadAllNonCommonCommand.cpp">
      <Filter>Source Files\Commands</Filter>
    </ClCompile>
    <ClCompile Include="UnloadAllCommand.cpp">
      <Filter>Source Files\Commands</Filter>
    </ClCompile>
    <ClCompile Include="UnloadAliasCommand.cpp">
      <Filter>Source Files\Commands</Filter>
    </ClCompile>
    <ClCompile Include="ListFilesCommand.cpp">
      <Filter>Source Files\Commands</Filter>
    </ClCompile>
    <ClCompile Include="ListLoadedFilesCommand.cpp">
      <Filter>Source Files\Commands</Filter>
    </ClCompile>
    <ClCompile Include="EnableVerbosityCommand.cpp">
      <Filter>Source Files\Commands</Filter>
    </ClCompile>
    <ClCompile Include="DisableVerbosityCommand.cpp">
      <Filter>Source Files\Commands</Filter>
    </ClCompile>
    <ClCompile Include="DumpCommand.cpp">
      <Filter>Source Files\Commands</Filter>
    </ClCompile>
    <ClCompile Include="MoveDirCommand.cpp">
      <Filter>Source Files\Commands</Filter>
    </ClCompile>
    <ClCompile Include="Decompressor.cpp">
      <Filter>Source Files</Filter>
    </ClCompile>
    <ClCompile Include="OodleDecompressorV2.cpp">
      <Filter>Source Files\Decompressors</Filter>
    </ClCompile>
    <ClCompile Include="Oodle.cpp">
      <Filter>Source Files</Filter>
    </ClCompile>
    <ClCompile Include="GameConfig.cpp">
      <Filter>Source Files</Filter>
    </ClCompile>
    <ClCompile Include="GamePattern.cpp">
      <Filter>Source Files</Filter>
    </ClCompile>
    <ClCompile Include="GamePatternFlag.cpp">
      <Filter>Source Files</Filter>
    </ClCompile>
    <ClCompile Include="GamePatternType.cpp">
      <Filter>Source Files</Filter>
    </ClCompile>
    <ClCompile Include="CoDMW4Handler.cpp">
      <Filter>Source Files\Handlers</Filter>
    </ClCompile>
    <ClCompile Include="OodleDecompressorV1.cpp">
      <Filter>Source Files\Decompressors</Filter>
    </ClCompile>
    <ClCompile Include="FastFileFlags.cpp">
      <Filter>Source Files</Filter>
    </ClCompile>
    <ClCompile Include="DumpCommandsCommand.cpp">
      <Filter>Source Files\Commands</Filter>
    </ClCompile>
    <ClCompile Include="BitFlags.cpp">
      <Filter>Source Files</Filter>
    </ClCompile>
    <ClCompile Include="CoDVGHandler.cpp">
      <Filter>Source Files\Handlers</Filter>
    </ClCompile>
    <ClCompile Include="Library.cpp">
      <Filter>Source Files</Filter>
    </ClCompile>
    <ClCompile Include="Registry.cpp">
      <Filter>Source Files</Filter>
    </ClCompile>
    <ClCompile Include="MemoryStream.cpp">
      <Filter>Source Files</Filter>
    </ClCompile>
    <ClCompile Include="Freeable.cpp">
      <Filter>Source Files</Filter>
    </ClCompile>
    <ClCompile Include="CoDIWHandler.cpp">
      <Filter>Source Files\Handlers</Filter>
    </ClCompile>
    <ClCompile Include="BinaryReader.cpp">
      <Filter>Source Files</Filter>
    </ClCompile>
    <ClCompile Include="SeekOrigin.cpp">
      <Filter>Source Files</Filter>
    </ClCompile>
    <ClCompile Include="ForeignThread.cpp">
      <Filter>Source Files</Filter>
    </ClCompile>
    <ClCompile Include="LZ4DecompressorV2.cpp">
      <Filter>Source Files\Decompressors</Filter>
    </ClCompile>
    <ClCompile Include="ZLIBDecompressorV1.cpp">
      <Filter>Source Files\Decompressors</Filter>
    </ClCompile>
    <ClCompile Include="CoDGhostsHandler.cpp">
      <Filter>Source Files\Handlers</Filter>
    </ClCompile>
    <ClCompile Include="ActivateCommand.cpp">
      <Filter>Source Files\Commands</Filter>
    </ClCompile>
    <ClCompile Include="CoDAWHandler.cpp">
      <Filter>Source Files\Handlers</Filter>
    </ClCompile>
    <ClCompile Include="CoDMW2RHandler.cpp">
      <Filter>Source Files\Handlers</Filter>
    </ClCompile>
    <ClCompile Include="CoDMWRHandler.cpp">
      <Filter>Source Files\Handlers</Filter>
    </ClCompile>
    <ClCompile Include="CoDMW6Handler.cpp">
      <Filter>Source Files\Handlers</Filter>
    </ClCompile>
    <ClCompile Include="CoDMW5Handler.cpp">
      <Filter>Source Files\Handlers</Filter>
    </ClCompile>
    <ClCompile Include="OodleDecompressorV3.cpp">
      <Filter>Source Files\Decompressors</Filter>
    </ClCompile>
    <ClCompile Include="DumpAliasesCommand.cpp">
      <Filter>Source Files\Commands</Filter>
    </ClCompile>
    <ClCompile Include="CoDOLHandler.cpp">
      <Filter>Source Files\Handlers</Filter>
    </ClCompile>
    <ClCompile Include="CoDBO3Handler.cpp">
      <Filter>Source Files\Handlers</Filter>
    </ClCompile>
    <ClCompile Include="DecryptScriptsCommand.cpp">
      <Filter>Source Files\Commands</Filter>
    </ClCompile>
  </ItemGroup>
  <ItemGroup>
    <ResourceCompile Include="Parasyte.rc">
      <Filter>Resource Files</Filter>
    </ResourceCompile>
  </ItemGroup>
  <ItemGroup>
    <None Include="cpp.hint" />
  </ItemGroup>
</Project>