
Microsoft Visual Studio Solution File, Format Version 12.00
# Visual Studio Version 17
VisualStudioVersion = 17.1.32407.343
MinimumVisualStudioVersion = 10.0.40219.1
Project("{8BC9CEB8-8B4A-11D0-8D11-00A0C91BC942}") = "Parasyte.CLI", "Parasyte.CLI\Parasyte.CLI.vcxproj", "{14855E6F-7AD4-4C4C-8418-233951E4CD99}"
EndProject
Project("{8BC9CEB8-8B4A-11D0-8D11-00A0C91BC942}") = "Parasyte", "Parasyte\Parasyte.vcxproj", "{185ABBA7-A7D2-4EE8-8E19-AA93F713FB2B}"
EndProject
Project("{2150E333-8FDC-42A3-9474-1A3956D46DE8}") = "Ext", "Ext", "{67DF09A4-FDE4-4A54-804F-C26E8E8F3FD2}"
EndProject
Project("{8BC9CEB8-8B4A-11D0-8D11-00A0C91BC942}") = "libtomcrypt", "..\ext\libtomcrypt\libtomcrypt_VS2008.vcxproj", "{E3802982-DCB6-4D85-A2BD-6B08F0657E79}"
EndProject
Project("{8BC9CEB8-8B4A-11D0-8D11-00A0C91BC942}") = "tommath", "..\ext\libtommath\libtommath_VS2008.vcxproj", "{42109FEE-B0B9-4FCD-9E56-2863BF8C55D2}"
EndProject
Global
	GlobalSection(SolutionConfigurationPlatforms) = preSolution
		Debug|x64 = Debug|x64
		Debug|x86 = Debug|x86
		Release|x64 = Release|x64
		Release|x86 = Release|x86
	EndGlobalSection
	GlobalSection(ProjectConfigurationPlatforms) = postSolution
		{14855E6F-7AD4-4C4C-8418-233951E4CD99}.Debug|x64.ActiveCfg = Debug|x64
		{14855E6F-7AD4-4C4C-8418-233951E4CD99}.Debug|x64.Build.0 = Debug|x64
		{14855E6F-7AD4-4C4C-8418-233951E4CD99}.Debug|x86.ActiveCfg = Debug|Win32
		{14855E6F-7AD4-4C4C-8418-233951E4CD99}.Debug|x86.Build.0 = Debug|Win32
		{14855E6F-7AD4-4C4C-8418-233951E4CD99}.Release|x64.ActiveCfg = Release|x64
		{14855E6F-7AD4-4C4C-8418-233951E4CD99}.Release|x64.Build.0 = Release|x64
		{14855E6F-7AD4-4C4C-8418-233951E4CD99}.Release|x86.ActiveCfg = Release|Win32
		{14855E6F-7AD4-4C4C-8418-233951E4CD99}.Release|x86.Build.0 = Release|Win32
		{185ABBA7-A7D2-4EE8-8E19-AA93F713FB2B}.Debug|x64.ActiveCfg = Debug|x64
		{185ABBA7-A7D2-4EE8-8E19-AA93F713FB2B}.Debug|x64.Build.0 = Debug|x64
		{185ABBA7-A7D2-4EE8-8E19-AA93F713FB2B}.Debug|x86.ActiveCfg = Debug|Win32
		{185ABBA7-A7D2-4EE8-8E19-AA93F713FB2B}.Debug|x86.Build.0 = Debug|Win32
		{185ABBA7-A7D2-4EE8-8E19-AA93F713FB2B}.Release|x64.ActiveCfg = Release|x64
		{185ABBA7-A7D2-4EE8-8E19-AA93F713FB2B}.Release|x64.Build.0 = Release|x64
		{185ABBA7-A7D2-4EE8-8E19-AA93F713FB2B}.Release|x86.ActiveCfg = Release|Win32
		{185ABBA7-A7D2-4EE8-8E19-AA93F713FB2B}.Release|x86.Build.0 = Release|Win32
		{E3802982-DCB6-4D85-A2BD-6B08F0657E79}.Debug|x64.ActiveCfg = Debug|x64
		{E3802982-DCB6-4D85-A2BD-6B08F0657E79}.Debug|x64.Build.0 = Debug|x64
		{E3802982-DCB6-4D85-A2BD-6B08F0657E79}.Debug|x86.ActiveCfg = Debug|Win32
		{E3802982-DCB6-4D85-A2BD-6B08F0657E79}.Debug|x86.Build.0 = Debug|Win32
		{E3802982-DCB6-4D85-A2BD-6B08F0657E79}.Release|x64.ActiveCfg = Release|x64
		{E3802982-DCB6-4D85-A2BD-6B08F0657E79}.Release|x64.Build.0 = Release|x64
		{E3802982-DCB6-4D85-A2BD-6B08F0657E79}.Release|x86.ActiveCfg = Release|Win32
		{E3802982-DCB6-4D85-A2BD-6B08F0657E79}.Release|x86.Build.0 = Release|Win32
		{42109FEE-B0B9-4FCD-9E56-2863BF8C55D2}.Debug|x64.ActiveCfg = Release|x64
		{42109FEE-B0B9-4FCD-9E56-2863BF8C55D2}.Debug|x64.Build.0 = Release|x64
		{42109FEE-B0B9-4FCD-9E56-2863BF8C55D2}.Debug|x86.ActiveCfg = Release|Win32
		{42109FEE-B0B9-4FCD-9E56-2863BF8C55D2}.Debug|x86.Build.0 = Release|Win32
		{42109FEE-B0B9-4FCD-9E56-2863BF8C55D2}.Release|x64.ActiveCfg = Release|x64
		{42109FEE-B0B9-4FCD-9E56-2863BF8C55D2}.Release|x64.Build.0 = Release|x64
		{42109FEE-B0B9-4FCD-9E56-2863BF8C55D2}.Release|x86.ActiveCfg = Release|Win32
		{42109FEE-B0B9-4FCD-9E56-2863BF8C55D2}.Release|x86.Build.0 = Release|Win32
	EndGlobalSection
	GlobalSection(SolutionProperties) = preSolution
		HideSolutionNode = FALSE
	EndGlobalSection
	GlobalSection(NestedProjects) = preSolution
		{E3802982-DCB6-4D85-A2BD-6B08F0657E79} = {67DF09A4-FDE4-4A54-804F-C26E8E8F3FD2}
		{42109FEE-B0B9-4FCD-9E56-2863BF8C55D2} = {67DF09A4-FDE4-4A54-804F-C26E8E8F3FD2}
	EndGlobalSection
	GlobalSection(ExtensibilityGlobals) = postSolution
		SolutionGuid = {6328211B-E281-4C1A-A1C6-E00D1CFF84EE}
	EndGlobalSection
EndGlobal
