
Microsoft Visual Studio Solution File, Format Version 12.00
# Visual Studio Version 17
VisualStudioVersion = 17.1.32407.343
MinimumVisualStudioVersion = 10.0.40219.1
Project("{8BC9CEB8-8B4A-11D0-8D11-00A0C91BC942}") = "Parasyte.CLI", "Parasyte.CLI\Parasyte.CLI.vcxproj", "{14855E6F-7AD4-4C4C-8418-233951E4CD99}"
EndProject
Project("{8BC9CEB8-8B4A-11D0-8D11-00A0C91BC942}") = "Parasyte", "Parasyte\Parasyte.vcxproj", "{185ABBA7-A7D2-4EE8-8E19-AA93F713FB2B}"
EndProject
Project("{2150E333-8FDC-42A3-9474-1A3956D46DE8}") = "Ext", "Ext", "{67DF09A4-FDE4-4A54-804F-C26E8E8F3FD2}"
EndProject
Project("{8BC9CEB8-8B4A-11D0-8D11-00A0C91BC942}") = "CascLib", "..\ext\CascLib\CascLib.vcxproj", "{78424708-1F6E-4D4B-920C-FB6D26847055}"
EndProject
Global
	GlobalSection(SolutionConfigurationPlatforms) = preSolution
		Debug|Any CPU = Debug|Any CPU
		Debug|x64 = Debug|x64
		Debug|x86 = Debug|x86
		DebugAD|Any CPU = DebugAD|Any CPU
		DebugAD|x64 = DebugAD|x64
		DebugAD|x86 = DebugAD|x86
		DebugAS|Any CPU = DebugAS|Any CPU
		DebugAS|x64 = DebugAS|x64
		DebugAS|x86 = DebugAS|x86
		DebugUD|Any CPU = DebugUD|Any CPU
		DebugUD|x64 = DebugUD|x64
		DebugUD|x86 = DebugUD|x86
		DebugUS|Any CPU = DebugUS|Any CPU
		DebugUS|x64 = DebugUS|x64
		DebugUS|x86 = DebugUS|x86
		Release|Any CPU = Release|Any CPU
		Release|x64 = Release|x64
		Release|x86 = Release|x86
		ReleaseAD|Any CPU = ReleaseAD|Any CPU
		ReleaseAD|x64 = ReleaseAD|x64
		ReleaseAD|x86 = ReleaseAD|x86
		ReleaseAS|Any CPU = ReleaseAS|Any CPU
		ReleaseAS|x64 = ReleaseAS|x64
		ReleaseAS|x86 = ReleaseAS|x86
		ReleaseBE|Any CPU = ReleaseBE|Any CPU
		ReleaseBE|x64 = ReleaseBE|x64
		ReleaseBE|x86 = ReleaseBE|x86
		ReleaseDonators|Any CPU = ReleaseDonators|Any CPU
		ReleaseDonators|x64 = ReleaseDonators|x64
		ReleaseDonators|x86 = ReleaseDonators|x86
		ReleaseFinal|Any CPU = ReleaseFinal|Any CPU
		ReleaseFinal|x64 = ReleaseFinal|x64
		ReleaseFinal|x86 = ReleaseFinal|x86
		ReleaseForDonators|Any CPU = ReleaseForDonators|Any CPU
		ReleaseForDonators|x64 = ReleaseForDonators|x64
		ReleaseForDonators|x86 = ReleaseForDonators|x86
		ReleaseUD|Any CPU = ReleaseUD|Any CPU
		ReleaseUD|x64 = ReleaseUD|x64
		ReleaseUD|x86 = ReleaseUD|x86
		ReleaseUS|Any CPU = ReleaseUS|Any CPU
		ReleaseUS|x64 = ReleaseUS|x64
		ReleaseUS|x86 = ReleaseUS|x86
	EndGlobalSection
	GlobalSection(ProjectConfigurationPlatforms) = postSolution
		{14855E6F-7AD4-4C4C-8418-233951E4CD99}.Debug|Any CPU.ActiveCfg = Debug|x64
		{14855E6F-7AD4-4C4C-8418-233951E4CD99}.Debug|Any CPU.Build.0 = Debug|x64
		{14855E6F-7AD4-4C4C-8418-233951E4CD99}.Debug|x64.ActiveCfg = Debug|x64
		{14855E6F-7AD4-4C4C-8418-233951E4CD99}.Debug|x64.Build.0 = Debug|x64
		{14855E6F-7AD4-4C4C-8418-233951E4CD99}.Debug|x86.ActiveCfg = Debug|Win32
		{14855E6F-7AD4-4C4C-8418-233951E4CD99}.Debug|x86.Build.0 = Debug|Win32
		{14855E6F-7AD4-4C4C-8418-233951E4CD99}.DebugAD|Any CPU.ActiveCfg = Debug|x64
		{14855E6F-7AD4-4C4C-8418-233951E4CD99}.DebugAD|Any CPU.Build.0 = Debug|x64
		{14855E6F-7AD4-4C4C-8418-233951E4CD99}.DebugAD|x64.ActiveCfg = Debug|x64
		{14855E6F-7AD4-4C4C-8418-233951E4CD99}.DebugAD|x64.Build.0 = Debug|x64
		{14855E6F-7AD4-4C4C-8418-233951E4CD99}.DebugAD|x86.ActiveCfg = Debug|Win32
		{14855E6F-7AD4-4C4C-8418-233951E4CD99}.DebugAD|x86.Build.0 = Debug|Win32
		{14855E6F-7AD4-4C4C-8418-233951E4CD99}.DebugAS|Any CPU.ActiveCfg = Debug|x64
		{14855E6F-7AD4-4C4C-8418-233951E4CD99}.DebugAS|Any CPU.Build.0 = Debug|x64
		{14855E6F-7AD4-4C4C-8418-233951E4CD99}.DebugAS|x64.ActiveCfg = Debug|x64
		{14855E6F-7AD4-4C4C-8418-233951E4CD99}.DebugAS|x64.Build.0 = Debug|x64
		{14855E6F-7AD4-4C4C-8418-233951E4CD99}.DebugAS|x86.ActiveCfg = Debug|Win32
		{14855E6F-7AD4-4C4C-8418-233951E4CD99}.DebugAS|x86.Build.0 = Debug|Win32
		{14855E6F-7AD4-4C4C-8418-233951E4CD99}.DebugUD|Any CPU.ActiveCfg = Debug|x64
		{14855E6F-7AD4-4C4C-8418-233951E4CD99}.DebugUD|Any CPU.Build.0 = Debug|x64
		{14855E6F-7AD4-4C4C-8418-233951E4CD99}.DebugUD|x64.ActiveCfg = Debug|x64
		{14855E6F-7AD4-4C4C-8418-233951E4CD99}.DebugUD|x64.Build.0 = Debug|x64
		{14855E6F-7AD4-4C4C-8418-233951E4CD99}.DebugUD|x86.ActiveCfg = Debug|Win32
		{14855E6F-7AD4-4C4C-8418-233951E4CD99}.DebugUD|x86.Build.0 = Debug|Win32
		{14855E6F-7AD4-4C4C-8418-233951E4CD99}.DebugUS|Any CPU.ActiveCfg = Debug|x64
		{14855E6F-7AD4-4C4C-8418-233951E4CD99}.DebugUS|Any CPU.Build.0 = Debug|x64
		{14855E6F-7AD4-4C4C-8418-233951E4CD99}.DebugUS|x64.ActiveCfg = Debug|x64
		{14855E6F-7AD4-4C4C-8418-233951E4CD99}.DebugUS|x64.Build.0 = Debug|x64
		{14855E6F-7AD4-4C4C-8418-233951E4CD99}.DebugUS|x86.ActiveCfg = Debug|Win32
		{14855E6F-7AD4-4C4C-8418-233951E4CD99}.DebugUS|x86.Build.0 = Debug|Win32
		{14855E6F-7AD4-4C4C-8418-233951E4CD99}.Release|Any CPU.ActiveCfg = Release|x64
		{14855E6F-7AD4-4C4C-8418-233951E4CD99}.Release|Any CPU.Build.0 = Release|x64
		{14855E6F-7AD4-4C4C-8418-233951E4CD99}.Release|x64.ActiveCfg = Release|x64
		{14855E6F-7AD4-4C4C-8418-233951E4CD99}.Release|x64.Build.0 = Release|x64
		{14855E6F-7AD4-4C4C-8418-233951E4CD99}.Release|x86.ActiveCfg = Release|Win32
		{14855E6F-7AD4-4C4C-8418-233951E4CD99}.Release|x86.Build.0 = Release|Win32
		{14855E6F-7AD4-4C4C-8418-233951E4CD99}.ReleaseAD|Any CPU.ActiveCfg = ReleaseDonators|x64
		{14855E6F-7AD4-4C4C-8418-233951E4CD99}.ReleaseAD|Any CPU.Build.0 = ReleaseDonators|x64
		{14855E6F-7AD4-4C4C-8418-233951E4CD99}.ReleaseAD|x64.ActiveCfg = ReleaseFinal|x64
		{14855E6F-7AD4-4C4C-8418-233951E4CD99}.ReleaseAD|x64.Build.0 = ReleaseFinal|x64
		{14855E6F-7AD4-4C4C-8418-233951E4CD99}.ReleaseAD|x86.ActiveCfg = ReleaseFinal|Win32
		{14855E6F-7AD4-4C4C-8418-233951E4CD99}.ReleaseAD|x86.Build.0 = ReleaseFinal|Win32
		{14855E6F-7AD4-4C4C-8418-233951E4CD99}.ReleaseAS|Any CPU.ActiveCfg = ReleaseDonators|x64
		{14855E6F-7AD4-4C4C-8418-233951E4CD99}.ReleaseAS|Any CPU.Build.0 = ReleaseDonators|x64
		{14855E6F-7AD4-4C4C-8418-233951E4CD99}.ReleaseAS|x64.ActiveCfg = ReleaseFinal|x64
		{14855E6F-7AD4-4C4C-8418-233951E4CD99}.ReleaseAS|x64.Build.0 = ReleaseFinal|x64
		{14855E6F-7AD4-4C4C-8418-233951E4CD99}.ReleaseAS|x86.ActiveCfg = ReleaseFinal|Win32
		{14855E6F-7AD4-4C4C-8418-233951E4CD99}.ReleaseAS|x86.Build.0 = ReleaseFinal|Win32
		{14855E6F-7AD4-4C4C-8418-233951E4CD99}.ReleaseBE|Any CPU.ActiveCfg = ReleaseBE|x64
		{14855E6F-7AD4-4C4C-8418-233951E4CD99}.ReleaseBE|Any CPU.Build.0 = ReleaseBE|x64
		{14855E6F-7AD4-4C4C-8418-233951E4CD99}.ReleaseBE|x64.ActiveCfg = ReleaseBE|x64
		{14855E6F-7AD4-4C4C-8418-233951E4CD99}.ReleaseBE|x64.Build.0 = ReleaseBE|x64
		{14855E6F-7AD4-4C4C-8418-233951E4CD99}.ReleaseBE|x86.ActiveCfg = ReleaseBE|Win32
		{14855E6F-7AD4-4C4C-8418-233951E4CD99}.ReleaseBE|x86.Build.0 = ReleaseBE|Win32
		{14855E6F-7AD4-4C4C-8418-233951E4CD99}.ReleaseDonators|Any CPU.ActiveCfg = ReleaseDonators|x64
		{14855E6F-7AD4-4C4C-8418-233951E4CD99}.ReleaseDonators|Any CPU.Build.0 = ReleaseDonators|x64
		{14855E6F-7AD4-4C4C-8418-233951E4CD99}.ReleaseDonators|x64.ActiveCfg = ReleaseDonators|x64
		{14855E6F-7AD4-4C4C-8418-233951E4CD99}.ReleaseDonators|x64.Build.0 = ReleaseDonators|x64
		{14855E6F-7AD4-4C4C-8418-233951E4CD99}.ReleaseDonators|x86.ActiveCfg = ReleaseDonators|Win32
		{14855E6F-7AD4-4C4C-8418-233951E4CD99}.ReleaseDonators|x86.Build.0 = ReleaseDonators|Win32
		{14855E6F-7AD4-4C4C-8418-233951E4CD99}.ReleaseFinal|Any CPU.ActiveCfg = ReleaseFinal|x64
		{14855E6F-7AD4-4C4C-8418-233951E4CD99}.ReleaseFinal|Any CPU.Build.0 = ReleaseFinal|x64
		{14855E6F-7AD4-4C4C-8418-233951E4CD99}.ReleaseFinal|x64.ActiveCfg = ReleaseFinal|x64
		{14855E6F-7AD4-4C4C-8418-233951E4CD99}.ReleaseFinal|x64.Build.0 = ReleaseFinal|x64
		{14855E6F-7AD4-4C4C-8418-233951E4CD99}.ReleaseFinal|x86.ActiveCfg = ReleaseFinal|Win32
		{14855E6F-7AD4-4C4C-8418-233951E4CD99}.ReleaseFinal|x86.Build.0 = ReleaseFinal|Win32
		{14855E6F-7AD4-4C4C-8418-233951E4CD99}.ReleaseForDonators|Any CPU.ActiveCfg = ReleaseDonators|x64
		{14855E6F-7AD4-4C4C-8418-233951E4CD99}.ReleaseForDonators|Any CPU.Build.0 = ReleaseDonators|x64
		{14855E6F-7AD4-4C4C-8418-233951E4CD99}.ReleaseForDonators|x64.ActiveCfg = ReleaseDonators|x64
		{14855E6F-7AD4-4C4C-8418-233951E4CD99}.ReleaseForDonators|x64.Build.0 = ReleaseDonators|x64
		{14855E6F-7AD4-4C4C-8418-233951E4CD99}.ReleaseForDonators|x86.ActiveCfg = ReleaseDonators|Win32
		{14855E6F-7AD4-4C4C-8418-233951E4CD99}.ReleaseForDonators|x86.Build.0 = ReleaseDonators|Win32
		{14855E6F-7AD4-4C4C-8418-233951E4CD99}.ReleaseUD|Any CPU.ActiveCfg = ReleaseDonators|x64
		{14855E6F-7AD4-4C4C-8418-233951E4CD99}.ReleaseUD|Any CPU.Build.0 = ReleaseDonators|x64
		{14855E6F-7AD4-4C4C-8418-233951E4CD99}.ReleaseUD|x64.ActiveCfg = ReleaseFinal|x64
		{14855E6F-7AD4-4C4C-8418-233951E4CD99}.ReleaseUD|x64.Build.0 = ReleaseFinal|x64
		{14855E6F-7AD4-4C4C-8418-233951E4CD99}.ReleaseUD|x86.ActiveCfg = ReleaseFinal|Win32
		{14855E6F-7AD4-4C4C-8418-233951E4CD99}.ReleaseUD|x86.Build.0 = ReleaseFinal|Win32
		{14855E6F-7AD4-4C4C-8418-233951E4CD99}.ReleaseUS|Any CPU.ActiveCfg = ReleaseDonators|x64
		{14855E6F-7AD4-4C4C-8418-233951E4CD99}.ReleaseUS|Any CPU.Build.0 = ReleaseDonators|x64
		{14855E6F-7AD4-4C4C-8418-233951E4CD99}.ReleaseUS|x64.ActiveCfg = ReleaseFinal|x64
		{14855E6F-7AD4-4C4C-8418-233951E4CD99}.ReleaseUS|x64.Build.0 = ReleaseFinal|x64
		{14855E6F-7AD4-4C4C-8418-233951E4CD99}.ReleaseUS|x86.ActiveCfg = ReleaseFinal|Win32
		{14855E6F-7AD4-4C4C-8418-233951E4CD99}.ReleaseUS|x86.Build.0 = ReleaseFinal|Win32
		{185ABBA7-A7D2-4EE8-8E19-AA93F713FB2B}.Debug|Any CPU.ActiveCfg = Debug|x64
		{185ABBA7-A7D2-4EE8-8E19-AA93F713FB2B}.Debug|Any CPU.Build.0 = Debug|x64
		{185ABBA7-A7D2-4EE8-8E19-AA93F713FB2B}.Debug|x64.ActiveCfg = Debug|x64
		{185ABBA7-A7D2-4EE8-8E19-AA93F713FB2B}.Debug|x64.Build.0 = Debug|x64
		{185ABBA7-A7D2-4EE8-8E19-AA93F713FB2B}.Debug|x86.ActiveCfg = Debug|Win32
		{185ABBA7-A7D2-4EE8-8E19-AA93F713FB2B}.Debug|x86.Build.0 = Debug|Win32
		{185ABBA7-A7D2-4EE8-8E19-AA93F713FB2B}.DebugAD|Any CPU.ActiveCfg = Debug|x64
		{185ABBA7-A7D2-4EE8-8E19-AA93F713FB2B}.DebugAD|Any CPU.Build.0 = Debug|x64
		{185ABBA7-A7D2-4EE8-8E19-AA93F713FB2B}.DebugAD|x64.ActiveCfg = Debug|x64
		{185ABBA7-A7D2-4EE8-8E19-AA93F713FB2B}.DebugAD|x64.Build.0 = Debug|x64
		{185ABBA7-A7D2-4EE8-8E19-AA93F713FB2B}.DebugAD|x86.ActiveCfg = Debug|Win32
		{185ABBA7-A7D2-4EE8-8E19-AA93F713FB2B}.DebugAD|x86.Build.0 = Debug|Win32
		{185ABBA7-A7D2-4EE8-8E19-AA93F713FB2B}.DebugAS|Any CPU.ActiveCfg = Debug|x64
		{185ABBA7-A7D2-4EE8-8E19-AA93F713FB2B}.DebugAS|Any CPU.Build.0 = Debug|x64
		{185ABBA7-A7D2-4EE8-8E19-AA93F713FB2B}.DebugAS|x64.ActiveCfg = Debug|x64
		{185ABBA7-A7D2-4EE8-8E19-AA93F713FB2B}.DebugAS|x64.Build.0 = Debug|x64
		{185ABBA7-A7D2-4EE8-8E19-AA93F713FB2B}.DebugAS|x86.ActiveCfg = Debug|Win32
		{185ABBA7-A7D2-4EE8-8E19-AA93F713FB2B}.DebugAS|x86.Build.0 = Debug|Win32
		{185ABBA7-A7D2-4EE8-8E19-AA93F713FB2B}.DebugUD|Any CPU.ActiveCfg = Debug|x64
		{185ABBA7-A7D2-4EE8-8E19-AA93F713FB2B}.DebugUD|Any CPU.Build.0 = Debug|x64
		{185ABBA7-A7D2-4EE8-8E19-AA93F713FB2B}.DebugUD|x64.ActiveCfg = Debug|x64
		{185ABBA7-A7D2-4EE8-8E19-AA93F713FB2B}.DebugUD|x64.Build.0 = Debug|x64
		{185ABBA7-A7D2-4EE8-8E19-AA93F713FB2B}.DebugUD|x86.ActiveCfg = Debug|Win32
		{185ABBA7-A7D2-4EE8-8E19-AA93F713FB2B}.DebugUD|x86.Build.0 = Debug|Win32
		{185ABBA7-A7D2-4EE8-8E19-AA93F713FB2B}.DebugUS|Any CPU.ActiveCfg = Debug|x64
		{185ABBA7-A7D2-4EE8-8E19-AA93F713FB2B}.DebugUS|Any CPU.Build.0 = Debug|x64
		{185ABBA7-A7D2-4EE8-8E19-AA93F713FB2B}.DebugUS|x64.ActiveCfg = Debug|x64
		{185ABBA7-A7D2-4EE8-8E19-AA93F713FB2B}.DebugUS|x64.Build.0 = Debug|x64
		{185ABBA7-A7D2-4EE8-8E19-AA93F713FB2B}.DebugUS|x86.ActiveCfg = Debug|Win32
		{185ABBA7-A7D2-4EE8-8E19-AA93F713FB2B}.DebugUS|x86.Build.0 = Debug|Win32
		{185ABBA7-A7D2-4EE8-8E19-AA93F713FB2B}.Release|Any CPU.ActiveCfg = Release|x64
		{185ABBA7-A7D2-4EE8-8E19-AA93F713FB2B}.Release|Any CPU.Build.0 = Release|x64
		{185ABBA7-A7D2-4EE8-8E19-AA93F713FB2B}.Release|x64.ActiveCfg = Release|x64
		{185ABBA7-A7D2-4EE8-8E19-AA93F713FB2B}.Release|x64.Build.0 = Release|x64
		{185ABBA7-A7D2-4EE8-8E19-AA93F713FB2B}.Release|x86.ActiveCfg = Release|Win32
		{185ABBA7-A7D2-4EE8-8E19-AA93F713FB2B}.Release|x86.Build.0 = Release|Win32
		{185ABBA7-A7D2-4EE8-8E19-AA93F713FB2B}.ReleaseAD|Any CPU.ActiveCfg = ReleaseDonators|x64
		{185ABBA7-A7D2-4EE8-8E19-AA93F713FB2B}.ReleaseAD|Any CPU.Build.0 = ReleaseDonators|x64
		{185ABBA7-A7D2-4EE8-8E19-AA93F713FB2B}.ReleaseAD|x64.ActiveCfg = ReleaseFinal|x64
		{185ABBA7-A7D2-4EE8-8E19-AA93F713FB2B}.ReleaseAD|x64.Build.0 = ReleaseFinal|x64
		{185ABBA7-A7D2-4EE8-8E19-AA93F713FB2B}.ReleaseAD|x86.ActiveCfg = ReleaseFinal|Win32
		{185ABBA7-A7D2-4EE8-8E19-AA93F713FB2B}.ReleaseAD|x86.Build.0 = ReleaseFinal|Win32
		{185ABBA7-A7D2-4EE8-8E19-AA93F713FB2B}.ReleaseAS|Any CPU.ActiveCfg = ReleaseDonators|x64
		{185ABBA7-A7D2-4EE8-8E19-AA93F713FB2B}.ReleaseAS|Any CPU.Build.0 = ReleaseDonators|x64
		{185ABBA7-A7D2-4EE8-8E19-AA93F713FB2B}.ReleaseAS|x64.ActiveCfg = ReleaseFinal|x64
		{185ABBA7-A7D2-4EE8-8E19-AA93F713FB2B}.ReleaseAS|x64.Build.0 = ReleaseFinal|x64
		{185ABBA7-A7D2-4EE8-8E19-AA93F713FB2B}.ReleaseAS|x86.ActiveCfg = ReleaseFinal|Win32
		{185ABBA7-A7D2-4EE8-8E19-AA93F713FB2B}.ReleaseAS|x86.Build.0 = ReleaseFinal|Win32
		{185ABBA7-A7D2-4EE8-8E19-AA93F713FB2B}.ReleaseBE|Any CPU.ActiveCfg = ReleaseBE|x64
		{185ABBA7-A7D2-4EE8-8E19-AA93F713FB2B}.ReleaseBE|Any CPU.Build.0 = ReleaseBE|x64
		{185ABBA7-A7D2-4EE8-8E19-AA93F713FB2B}.ReleaseBE|x64.ActiveCfg = ReleaseBE|x64
		{185ABBA7-A7D2-4EE8-8E19-AA93F713FB2B}.ReleaseBE|x64.Build.0 = ReleaseBE|x64
		{185ABBA7-A7D2-4EE8-8E19-AA93F713FB2B}.ReleaseBE|x86.ActiveCfg = ReleaseBE|Win32
		{185ABBA7-A7D2-4EE8-8E19-AA93F713FB2B}.ReleaseBE|x86.Build.0 = ReleaseBE|Win32
		{185ABBA7-A7D2-4EE8-8E19-AA93F713FB2B}.ReleaseDonators|Any CPU.ActiveCfg = ReleaseDonators|x64
		{185ABBA7-A7D2-4EE8-8E19-AA93F713FB2B}.ReleaseDonators|Any CPU.Build.0 = ReleaseDonators|x64
		{185ABBA7-A7D2-4EE8-8E19-AA93F713FB2B}.ReleaseDonators|x64.ActiveCfg = ReleaseDonators|x64
		{185ABBA7-A7D2-4EE8-8E19-AA93F713FB2B}.ReleaseDonators|x64.Build.0 = ReleaseDonators|x64
		{185ABBA7-A7D2-4EE8-8E19-AA93F713FB2B}.ReleaseDonators|x86.ActiveCfg = ReleaseDonators|Win32
		{185ABBA7-A7D2-4EE8-8E19-AA93F713FB2B}.ReleaseDonators|x86.Build.0 = ReleaseDonators|Win32
		{185ABBA7-A7D2-4EE8-8E19-AA93F713FB2B}.ReleaseFinal|Any CPU.ActiveCfg = ReleaseFinal|x64
		{185ABBA7-A7D2-4EE8-8E19-AA93F713FB2B}.ReleaseFinal|Any CPU.Build.0 = ReleaseFinal|x64
		{185ABBA7-A7D2-4EE8-8E19-AA93F713FB2B}.ReleaseFinal|x64.ActiveCfg = ReleaseFinal|x64
		{185ABBA7-A7D2-4EE8-8E19-AA93F713FB2B}.ReleaseFinal|x64.Build.0 = ReleaseFinal|x64
		{185ABBA7-A7D2-4EE8-8E19-AA93F713FB2B}.ReleaseFinal|x86.ActiveCfg = ReleaseFinal|Win32
		{185ABBA7-A7D2-4EE8-8E19-AA93F713FB2B}.ReleaseFinal|x86.Build.0 = ReleaseFinal|Win32
		{185ABBA7-A7D2-4EE8-8E19-AA93F713FB2B}.ReleaseForDonators|Any CPU.ActiveCfg = ReleaseDonators|x64
		{185ABBA7-A7D2-4EE8-8E19-AA93F713FB2B}.ReleaseForDonators|Any CPU.Build.0 = ReleaseDonators|x64
		{185ABBA7-A7D2-4EE8-8E19-AA93F713FB2B}.ReleaseForDonators|x64.ActiveCfg = ReleaseDonators|x64
		{185ABBA7-A7D2-4EE8-8E19-AA93F713FB2B}.ReleaseForDonators|x64.Build.0 = ReleaseDonators|x64
		{185ABBA7-A7D2-4EE8-8E19-AA93F713FB2B}.ReleaseForDonators|x86.ActiveCfg = ReleaseDonators|Win32
		{185ABBA7-A7D2-4EE8-8E19-AA93F713FB2B}.ReleaseForDonators|x86.Build.0 = ReleaseDonators|Win32
		{185ABBA7-A7D2-4EE8-8E19-AA93F713FB2B}.ReleaseUD|Any CPU.ActiveCfg = ReleaseDonators|x64
		{185ABBA7-A7D2-4EE8-8E19-AA93F713FB2B}.ReleaseUD|Any CPU.Build.0 = ReleaseDonators|x64
		{185ABBA7-A7D2-4EE8-8E19-AA93F713FB2B}.ReleaseUD|x64.ActiveCfg = ReleaseFinal|x64
		{185ABBA7-A7D2-4EE8-8E19-AA93F713FB2B}.ReleaseUD|x64.Build.0 = ReleaseFinal|x64
		{185ABBA7-A7D2-4EE8-8E19-AA93F713FB2B}.ReleaseUD|x86.ActiveCfg = ReleaseFinal|Win32
		{185ABBA7-A7D2-4EE8-8E19-AA93F713FB2B}.ReleaseUD|x86.Build.0 = ReleaseFinal|Win32
		{185ABBA7-A7D2-4EE8-8E19-AA93F713FB2B}.ReleaseUS|Any CPU.ActiveCfg = ReleaseDonators|x64
		{185ABBA7-A7D2-4EE8-8E19-AA93F713FB2B}.ReleaseUS|Any CPU.Build.0 = ReleaseDonators|x64
		{185ABBA7-A7D2-4EE8-8E19-AA93F713FB2B}.ReleaseUS|x64.ActiveCfg = ReleaseFinal|x64
		{185ABBA7-A7D2-4EE8-8E19-AA93F713FB2B}.ReleaseUS|x64.Build.0 = ReleaseFinal|x64
		{185ABBA7-A7D2-4EE8-8E19-AA93F713FB2B}.ReleaseUS|x86.ActiveCfg = ReleaseFinal|Win32
		{185ABBA7-A7D2-4EE8-8E19-AA93F713FB2B}.ReleaseUS|x86.Build.0 = ReleaseFinal|Win32
		{78424708-1F6E-4D4B-920C-FB6D26847055}.Debug|Any CPU.ActiveCfg = DebugUS|x64
		{78424708-1F6E-4D4B-920C-FB6D26847055}.Debug|Any CPU.Build.0 = DebugUS|x64
		{78424708-1F6E-4D4B-920C-FB6D26847055}.Debug|x64.ActiveCfg = DebugAS|x64
		{78424708-1F6E-4D4B-920C-FB6D26847055}.Debug|x64.Build.0 = DebugAS|x64
		{78424708-1F6E-4D4B-920C-FB6D26847055}.Debug|x86.ActiveCfg = DebugAD|Win32
		{78424708-1F6E-4D4B-920C-FB6D26847055}.Debug|x86.Build.0 = DebugAD|Win32
		{78424708-1F6E-4D4B-920C-FB6D26847055}.DebugAD|Any CPU.ActiveCfg = DebugAD|x64
		{78424708-1F6E-4D4B-920C-FB6D26847055}.DebugAD|Any CPU.Build.0 = DebugAD|x64
		{78424708-1F6E-4D4B-920C-FB6D26847055}.DebugAD|x64.ActiveCfg = DebugAD|x64
		{78424708-1F6E-4D4B-920C-FB6D26847055}.DebugAD|x64.Build.0 = DebugAD|x64
		{78424708-1F6E-4D4B-920C-FB6D26847055}.DebugAD|x86.ActiveCfg = DebugAD|Win32
		{78424708-1F6E-4D4B-920C-FB6D26847055}.DebugAD|x86.Build.0 = DebugAD|Win32
		{78424708-1F6E-4D4B-920C-FB6D26847055}.DebugAS|Any CPU.ActiveCfg = DebugAS|x64
		{78424708-1F6E-4D4B-920C-FB6D26847055}.DebugAS|Any CPU.Build.0 = DebugAS|x64
		{78424708-1F6E-4D4B-920C-FB6D26847055}.DebugAS|x64.ActiveCfg = DebugAS|x64
		{78424708-1F6E-4D4B-920C-FB6D26847055}.DebugAS|x64.Build.0 = DebugAS|x64
		{78424708-1F6E-4D4B-920C-FB6D26847055}.DebugAS|x86.ActiveCfg = DebugAS|Win32
		{78424708-1F6E-4D4B-920C-FB6D26847055}.DebugAS|x86.Build.0 = DebugAS|Win32
		{78424708-1F6E-4D4B-920C-FB6D26847055}.DebugUD|Any CPU.ActiveCfg = DebugUD|x64
		{78424708-1F6E-4D4B-920C-FB6D26847055}.DebugUD|Any CPU.Build.0 = DebugUD|x64
		{78424708-1F6E-4D4B-920C-FB6D26847055}.DebugUD|x64.ActiveCfg = DebugUD|x64
		{78424708-1F6E-4D4B-920C-FB6D26847055}.DebugUD|x64.Build.0 = DebugUD|x64
		{78424708-1F6E-4D4B-920C-FB6D26847055}.DebugUD|x86.ActiveCfg = DebugUD|Win32
		{78424708-1F6E-4D4B-920C-FB6D26847055}.DebugUD|x86.Build.0 = DebugUD|Win32
		{78424708-1F6E-4D4B-920C-FB6D26847055}.DebugUS|Any CPU.ActiveCfg = DebugUS|x64
		{78424708-1F6E-4D4B-920C-FB6D26847055}.DebugUS|Any CPU.Build.0 = DebugUS|x64
		{78424708-1F6E-4D4B-920C-FB6D26847055}.DebugUS|x64.ActiveCfg = DebugUS|x64
		{78424708-1F6E-4D4B-920C-FB6D26847055}.DebugUS|x64.Build.0 = DebugUS|x64
		{78424708-1F6E-4D4B-920C-FB6D26847055}.DebugUS|x86.ActiveCfg = DebugUS|Win32
		{78424708-1F6E-4D4B-920C-FB6D26847055}.DebugUS|x86.Build.0 = DebugUS|Win32
		{78424708-1F6E-4D4B-920C-FB6D26847055}.Release|Any CPU.ActiveCfg = ReleaseUS|x64
		{78424708-1F6E-4D4B-920C-FB6D26847055}.Release|Any CPU.Build.0 = ReleaseUS|x64
		{78424708-1F6E-4D4B-920C-FB6D26847055}.Release|x64.ActiveCfg = ReleaseAS|x64
		{78424708-1F6E-4D4B-920C-FB6D26847055}.Release|x64.Build.0 = ReleaseAS|x64
		{78424708-1F6E-4D4B-920C-FB6D26847055}.Release|x86.ActiveCfg = ReleaseAS|Win32
		{78424708-1F6E-4D4B-920C-FB6D26847055}.Release|x86.Build.0 = ReleaseAS|Win32
		{78424708-1F6E-4D4B-920C-FB6D26847055}.ReleaseAD|Any CPU.ActiveCfg = ReleaseAD|x64
		{78424708-1F6E-4D4B-920C-FB6D26847055}.ReleaseAD|Any CPU.Build.0 = ReleaseAD|x64
		{78424708-1F6E-4D4B-920C-FB6D26847055}.ReleaseAD|x64.ActiveCfg = ReleaseAD|x64
		{78424708-1F6E-4D4B-920C-FB6D26847055}.ReleaseAD|x64.Build.0 = ReleaseAD|x64
		{78424708-1F6E-4D4B-920C-FB6D26847055}.ReleaseAD|x86.ActiveCfg = ReleaseAD|Win32
		{78424708-1F6E-4D4B-920C-FB6D26847055}.ReleaseAD|x86.Build.0 = ReleaseAD|Win32
		{78424708-1F6E-4D4B-920C-FB6D26847055}.ReleaseAS|Any CPU.ActiveCfg = ReleaseAS|x64
		{78424708-1F6E-4D4B-920C-FB6D26847055}.ReleaseAS|Any CPU.Build.0 = ReleaseAS|x64
		{78424708-1F6E-4D4B-920C-FB6D26847055}.ReleaseAS|x64.ActiveCfg = ReleaseAS|x64
		{78424708-1F6E-4D4B-920C-FB6D26847055}.ReleaseAS|x64.Build.0 = ReleaseAS|x64
		{78424708-1F6E-4D4B-920C-FB6D26847055}.ReleaseAS|x86.ActiveCfg = ReleaseAS|Win32
		{78424708-1F6E-4D4B-920C-FB6D26847055}.ReleaseAS|x86.Build.0 = ReleaseAS|Win32
		{78424708-1F6E-4D4B-920C-FB6D26847055}.ReleaseBE|Any CPU.ActiveCfg = ReleaseUS|x64
		{78424708-1F6E-4D4B-920C-FB6D26847055}.ReleaseBE|Any CPU.Build.0 = ReleaseUS|x64
		{78424708-1F6E-4D4B-920C-FB6D26847055}.ReleaseBE|x64.ActiveCfg = ReleaseAS|x64
		{78424708-1F6E-4D4B-920C-FB6D26847055}.ReleaseBE|x64.Build.0 = ReleaseAS|x64
		{78424708-1F6E-4D4B-920C-FB6D26847055}.ReleaseBE|x86.ActiveCfg = ReleaseAS|Win32
		{78424708-1F6E-4D4B-920C-FB6D26847055}.ReleaseBE|x86.Build.0 = ReleaseAS|Win32
		{78424708-1F6E-4D4B-920C-FB6D26847055}.ReleaseDonators|Any CPU.ActiveCfg = ReleaseUS|x64
		{78424708-1F6E-4D4B-920C-FB6D26847055}.ReleaseDonators|Any CPU.Build.0 = ReleaseUS|x64
		{78424708-1F6E-4D4B-920C-FB6D26847055}.ReleaseDonators|x64.ActiveCfg = ReleaseAS|x64
		{78424708-1F6E-4D4B-920C-FB6D26847055}.ReleaseDonators|x64.Build.0 = ReleaseAS|x64
		{78424708-1F6E-4D4B-920C-FB6D26847055}.ReleaseDonators|x86.ActiveCfg = ReleaseAS|Win32
		{78424708-1F6E-4D4B-920C-FB6D26847055}.ReleaseDonators|x86.Build.0 = ReleaseAS|Win32
		{78424708-1F6E-4D4B-920C-FB6D26847055}.ReleaseFinal|Any CPU.ActiveCfg = ReleaseUS|x64
		{78424708-1F6E-4D4B-920C-FB6D26847055}.ReleaseFinal|Any CPU.Build.0 = ReleaseUS|x64
		{78424708-1F6E-4D4B-920C-FB6D26847055}.ReleaseFinal|x64.ActiveCfg = ReleaseAS|x64
		{78424708-1F6E-4D4B-920C-FB6D26847055}.ReleaseFinal|x64.Build.0 = ReleaseAS|x64
		{78424708-1F6E-4D4B-920C-FB6D26847055}.ReleaseFinal|x86.ActiveCfg = ReleaseAS|Win32
		{78424708-1F6E-4D4B-920C-FB6D26847055}.ReleaseFinal|x86.Build.0 = ReleaseAS|Win32
		{78424708-1F6E-4D4B-920C-FB6D26847055}.ReleaseForDonators|Any CPU.ActiveCfg = ReleaseUS|x64
		{78424708-1F6E-4D4B-920C-FB6D26847055}.ReleaseForDonators|Any CPU.Build.0 = ReleaseUS|x64
		{78424708-1F6E-4D4B-920C-FB6D26847055}.ReleaseForDonators|x64.ActiveCfg = ReleaseAS|x64
		{78424708-1F6E-4D4B-920C-FB6D26847055}.ReleaseForDonators|x64.Build.0 = ReleaseAS|x64
		{78424708-1F6E-4D4B-920C-FB6D26847055}.ReleaseForDonators|x86.ActiveCfg = ReleaseAS|Win32
		{78424708-1F6E-4D4B-920C-FB6D26847055}.ReleaseForDonators|x86.Build.0 = ReleaseAS|Win32
		{78424708-1F6E-4D4B-920C-FB6D26847055}.ReleaseUD|Any CPU.ActiveCfg = ReleaseUD|x64
		{78424708-1F6E-4D4B-920C-FB6D26847055}.ReleaseUD|Any CPU.Build.0 = ReleaseUD|x64
		{78424708-1F6E-4D4B-920C-FB6D26847055}.ReleaseUD|x64.ActiveCfg = ReleaseUD|x64
		{78424708-1F6E-4D4B-920C-FB6D26847055}.ReleaseUD|x64.Build.0 = ReleaseUD|x64
		{78424708-1F6E-4D4B-920C-FB6D26847055}.ReleaseUD|x86.ActiveCfg = ReleaseUD|Win32
		{78424708-1F6E-4D4B-920C-FB6D26847055}.ReleaseUD|x86.Build.0 = ReleaseUD|Win32
		{78424708-1F6E-4D4B-920C-FB6D26847055}.ReleaseUS|Any CPU.ActiveCfg = ReleaseUS|x64
		{78424708-1F6E-4D4B-920C-FB6D26847055}.ReleaseUS|Any CPU.Build.0 = ReleaseUS|x64
		{78424708-1F6E-4D4B-920C-FB6D26847055}.ReleaseUS|x64.ActiveCfg = ReleaseUS|x64
		{78424708-1F6E-4D4B-920C-FB6D26847055}.ReleaseUS|x64.Build.0 = ReleaseUS|x64
		{78424708-1F6E-4D4B-920C-FB6D26847055}.ReleaseUS|x86.ActiveCfg = ReleaseUS|Win32
		{78424708-1F6E-4D4B-920C-FB6D26847055}.ReleaseUS|x86.Build.0 = ReleaseUS|Win32
	EndGlobalSection
	GlobalSection(SolutionProperties) = preSolution
		HideSolutionNode = FALSE
	EndGlobalSection
	GlobalSection(NestedProjects) = preSolution
		{78424708-1F6E-4D4B-920C-FB6D26847055} = {67DF09A4-FDE4-4A54-804F-C26E8E8F3FD2}
	EndGlobalSection
	GlobalSection(ExtensibilityGlobals) = postSolution
		SolutionGuid = {6328211B-E281-4C1A-A1C6-E00D1CFF84EE}
	EndGlobalSection
EndGlobal
